
Microsoft Visual Studio Solution File, Format Version 12.00
# Visual Studio Version 16
VisualStudioVersion = 16.0.30128.74
MinimumVisualStudioVersion = 10.0.40219.1
Project("{FAE04EC0-301F-11D3-BF4B-00C04F79EFBC}") = "Estudo_Agenda_BDtxt", "Estudo_Agenda_BDtxt\Estudo_Agenda_BDtxt.csproj", "{0E4E1E98-FFA3-42C6-B8BA-1B6740F7CAB1}"
EndProject
Global
	GlobalSection(SolutionConfigurationPlatforms) = preSolution
		Debug|Any CPU = Debug|Any CPU
		Release|Any CPU = Release|Any CPU
	EndGlobalSection
	GlobalSection(ProjectConfigurationPlatforms) = postSolution
		{0E4E1E98-FFA3-42C6-B8BA-1B6740F7CAB1}.Debug|Any CPU.ActiveCfg = Debug|Any CPU
		{0E4E1E98-FFA3-42C6-B8BA-1B6740F7CAB1}.Debug|Any CPU.Build.0 = Debug|Any CPU
		{0E4E1E98-FFA3-42C6-B8BA-1B6740F7CAB1}.Release|Any CPU.ActiveCfg = Release|Any CPU
		{0E4E1E98-FFA3-42C6-B8BA-1B6740F7CAB1}.Release|Any CPU.Build.0 = Release|Any CPU
	EndGlobalSection
	GlobalSection(SolutionProperties) = preSolution
		HideSolutionNode = FALSE
	EndGlobalSection
	GlobalSection(ExtensibilityGlobals) = postSolution
		SolutionGuid = {D00392FB-3817-45E6-971E-240219E813F0}
	EndGlobalSection
EndGlobal
